
Microsoft Visual Studio Solution File, Format Version 12.00
# Visual Studio Version 16
VisualStudioVersion = 16.0.29102.190
MinimumVisualStudioVersion = 10.0.40219.1
Project("{FAE04EC0-301F-11D3-BF4B-00C04F79EFBC}") = "LineBotSDKdotNetCoreConsole", "LineBotSDKdotNetCoreConsole.csproj", "{695DCCEE-A48A-49DE-9E31-756A2CE52F8F}"
EndProject
Global
	GlobalSection(SolutionConfigurationPlatforms) = preSolution
		Debug|Any CPU = Debug|Any CPU
		Release|Any CPU = Release|Any CPU
	EndGlobalSection
	GlobalSection(ProjectConfigurationPlatforms) = postSolution
		{695DCCEE-A48A-49DE-9E31-756A2CE52F8F}.Debug|Any CPU.ActiveCfg = Debug|Any CPU
		{695DCCEE-A48A-49DE-9E31-756A2CE52F8F}.Debug|Any CPU.Build.0 = Debug|Any CPU
		{695DCCEE-A48A-49DE-9E31-756A2CE52F8F}.Release|Any CPU.ActiveCfg = Release|Any CPU
		{695DCCEE-A48A-49DE-9E31-756A2CE52F8F}.Release|Any CPU.Build.0 = Release|Any CPU
	EndGlobalSection
	GlobalSection(SolutionProperties) = preSolution
		HideSolutionNode = FALSE
	EndGlobalSection
	GlobalSection(ExtensibilityGlobals) = postSolution
		SolutionGuid = {67C00029-E979-4482-8B5F-C7085C367ACF}
	EndGlobalSection
EndGlobal
